{
  "version": 4,
  "terraform_version": "1.5.7",
  "serial": 39,
  "lineage": "567dfeb0-34ee-8234-b228-746bd02fdc7f",
  "outputs": {
    "deployed_components": {
      "value": {
        "elasticsearch": {
          "status": "deployed",
          "version": "8.5.1"
        },
        "falco": {
          "status": "deployed",
          "version": "3.0.0"
        },
        "fluentd": {
          "status": "deployed",
          "version": "0.5.0"
        },
        "gatekeeper": {
          "status": "deployed",
          "version": "3.14.0"
        },
        "harbor": {
          "status": "deployed",
          "version": "1.12.0"
        },
        "kibana": {
          "status": "deployed",
          "version": "8.5.1"
        },
        "prometheus": {
          "status": "deployed",
          "version": "45.0.0"
        },
        "trivy": {
          "status": "deployed",
          "version": "0.5.0"
        }
      },
      "type": [
        "object",
        {
          "elasticsearch": [
            "object",
            {
              "status": "string",
              "version": "string"
            }
          ],
          "falco": [
            "object",
            {
              "status": "string",
              "version": "string"
            }
          ],
          "fluentd": [
            "object",
            {
              "status": "string",
              "version": "string"
            }
          ],
          "gatekeeper": [
            "object",
            {
              "status": "string",
              "version": "string"
            }
          ],
          "harbor": [
            "object",
            {
              "status": "string",
              "version": "string"
            }
          ],
          "kibana": [
            "object",
            {
              "status": "string",
              "version": "string"
            }
          ],
          "prometheus": [
            "object",
            {
              "status": "string",
              "version": "string"
            }
          ],
          "trivy": [
            "object",
            {
              "status": "string",
              "version": "string"
            }
          ]
        }
      ]
    }
  },
  "resources": [
    {
      "mode": "managed",
      "type": "helm_release",
      "name": "cnaspm_components",
      "provider": "provider[\"registry.terraform.io/hashicorp/helm\"]",
      "instances": [
        {
          "index_key": "elasticsearch",
          "status": "tainted",
          "schema_version": 1,
          "attributes": {
            "atomic": false,
            "chart": "elasticsearch",
            "cleanup_on_fail": false,
            "create_namespace": false,
            "dependency_update": false,
            "description": null,
            "devel": null,
            "disable_crd_hooks": false,
            "disable_openapi_validation": false,
            "disable_webhooks": false,
            "force_update": false,
            "id": "elasticsearch",
            "keyring": null,
            "lint": false,
            "manifest": null,
            "max_history": 0,
            "metadata": [
              {
                "app_version": "8.5.1",
                "chart": "elasticsearch",
                "name": "elasticsearch",
                "namespace": "security-stack",
                "revision": 1,
                "values": "{\"persistence\":{\"enabled\":true,\"size\":\"30Gi\"}}",
                "version": "8.5.1"
              }
            ],
            "name": "elasticsearch",
            "namespace": "security-stack",
            "pass_credentials": false,
            "postrender": [],
            "recreate_pods": false,
            "render_subchart_notes": true,
            "replace": false,
            "repository": "https://helm.elastic.co",
            "repository_ca_file": null,
            "repository_cert_file": null,
            "repository_key_file": null,
            "repository_password": null,
            "repository_username": null,
            "reset_values": false,
            "reuse_values": false,
            "set": [],
            "set_list": [],
            "set_sensitive": [],
            "skip_crds": false,
            "status": "failed",
            "timeout": 1800,
            "values": [
              "\"persistence\":\n  \"enabled\": true\n  \"size\": \"30Gi\"\n"
            ],
            "verify": false,
            "version": "8.5.1",
            "wait": true,
            "wait_for_jobs": false
          },
          "sensitive_attributes": [],
          "private": "eyJzY2hlbWFfdmVyc2lvbiI6IjEifQ==",
          "dependencies": [
            "kubernetes_namespace.security_stack"
          ]
        },
        {
          "index_key": "falco",
          "schema_version": 1,
          "attributes": {
            "atomic": false,
            "chart": "falco",
            "cleanup_on_fail": false,
            "create_namespace": false,
            "dependency_update": false,
            "description": null,
            "devel": null,
            "disable_crd_hooks": false,
            "disable_openapi_validation": false,
            "disable_webhooks": false,
            "force_update": false,
            "id": "falco",
            "keyring": null,
            "lint": false,
            "manifest": null,
            "max_history": 0,
            "metadata": [
              {
                "app_version": "0.34.0",
                "chart": "falco",
                "name": "falco",
                "namespace": "security-stack",
                "revision": 2,
                "values": "{\"httpOutput\":{\"enabled\":true,\"url\":\"http://falcosidekick:2801/\"},\"jsonOutput\":true}",
                "version": "3.0.0"
              }
            ],
            "name": "falco",
            "namespace": "security-stack",
            "pass_credentials": false,
            "postrender": [],
            "recreate_pods": false,
            "render_subchart_notes": true,
            "replace": false,
            "repository": "https://falcosecurity.github.io/charts",
            "repository_ca_file": null,
            "repository_cert_file": null,
            "repository_key_file": null,
            "repository_password": null,
            "repository_username": null,
            "reset_values": false,
            "reuse_values": false,
            "set": [],
            "set_list": [],
            "set_sensitive": [],
            "skip_crds": false,
            "status": "deployed",
            "timeout": 1800,
            "values": [
              "\"httpOutput\":\n  \"enabled\": true\n  \"url\": \"http://falcosidekick:2801/\"\n\"jsonOutput\": true\n"
            ],
            "verify": false,
            "version": "3.0.0",
            "wait": true,
            "wait_for_jobs": false
          },
          "sensitive_attributes": [],
          "private": "eyJzY2hlbWFfdmVyc2lvbiI6IjEifQ==",
          "dependencies": [
            "kubernetes_namespace.security_stack"
          ]
        },
        {
          "index_key": "fluentd",
          "schema_version": 1,
          "attributes": {
            "atomic": false,
            "chart": "fluentd",
            "cleanup_on_fail": false,
            "create_namespace": false,
            "dependency_update": false,
            "description": null,
            "devel": null,
            "disable_crd_hooks": false,
            "disable_openapi_validation": false,
            "disable_webhooks": false,
            "force_update": false,
            "id": "fluentd",
            "keyring": null,
            "lint": false,
            "manifest": null,
            "max_history": 0,
            "metadata": [
              {
                "app_version": "v1.16.2",
                "chart": "fluentd",
                "name": "fluentd",
                "namespace": "security-stack",
                "revision": 2,
                "values": "{\"podSecurityPolicy\":{\"enabled\":false}}",
                "version": "0.5.0"
              }
            ],
            "name": "fluentd",
            "namespace": "security-stack",
            "pass_credentials": false,
            "postrender": [],
            "recreate_pods": false,
            "render_subchart_notes": true,
            "replace": false,
            "repository": "https://fluent.github.io/helm-charts",
            "repository_ca_file": null,
            "repository_cert_file": null,
            "repository_key_file": null,
            "repository_password": null,
            "repository_username": null,
            "reset_values": false,
            "reuse_values": false,
            "set": [],
            "set_list": [],
            "set_sensitive": [],
            "skip_crds": false,
            "status": "deployed",
            "timeout": 1800,
            "values": [
              "\"podSecurityPolicy\":\n  \"enabled\": false\n"
            ],
            "verify": false,
            "version": "0.5.0",
            "wait": true,
            "wait_for_jobs": false
          },
          "sensitive_attributes": [],
          "private": "eyJzY2hlbWFfdmVyc2lvbiI6IjEifQ==",
          "dependencies": [
            "kubernetes_namespace.security_stack"
          ]
        },
        {
          "index_key": "gatekeeper",
          "schema_version": 1,
          "attributes": {
            "atomic": false,
            "chart": "gatekeeper",
            "cleanup_on_fail": false,
            "create_namespace": false,
            "dependency_update": false,
            "description": null,
            "devel": null,
            "disable_crd_hooks": false,
            "disable_openapi_validation": false,
            "disable_webhooks": false,
            "force_update": false,
            "id": "gatekeeper",
            "keyring": null,
            "lint": false,
            "manifest": null,
            "max_history": 0,
            "metadata": [
              {
                "app_version": "v3.14.0",
                "chart": "gatekeeper",
                "name": "gatekeeper",
                "namespace": "security-stack",
                "revision": 2,
                "values": "{\"auditInterval\":60,\"constraintViolationsLimit\":100,\"podSecurityPolicy\":{\"enabled\":false}}",
                "version": "3.14.0"
              }
            ],
            "name": "gatekeeper",
            "namespace": "security-stack",
            "pass_credentials": false,
            "postrender": [],
            "recreate_pods": false,
            "render_subchart_notes": true,
            "replace": false,
            "repository": "https://open-policy-agent.github.io/gatekeeper/charts",
            "repository_ca_file": null,
            "repository_cert_file": null,
            "repository_key_file": null,
            "repository_password": null,
            "repository_username": null,
            "reset_values": false,
            "reuse_values": false,
            "set": [],
            "set_list": [],
            "set_sensitive": [],
            "skip_crds": false,
            "status": "deployed",
            "timeout": 1800,
            "values": [
              "\"auditInterval\": 60\n\"constraintViolationsLimit\": 100\n\"podSecurityPolicy\":\n  \"enabled\": false\n"
            ],
            "verify": false,
            "version": "3.14.0",
            "wait": true,
            "wait_for_jobs": false
          },
          "sensitive_attributes": [],
          "private": "eyJzY2hlbWFfdmVyc2lvbiI6IjEifQ==",
          "dependencies": [
            "kubernetes_namespace.security_stack"
          ]
        },
        {
          "index_key": "harbor",
          "schema_version": 1,
          "attributes": {
            "atomic": false,
            "chart": "harbor",
            "cleanup_on_fail": false,
            "create_namespace": false,
            "dependency_update": false,
            "description": null,
            "devel": null,
            "disable_crd_hooks": false,
            "disable_openapi_validation": false,
            "disable_webhooks": false,
            "force_update": false,
            "id": "harbor",
            "keyring": null,
            "lint": false,
            "manifest": null,
            "max_history": 0,
            "metadata": [
              {
                "app_version": "2.8.0",
                "chart": "harbor",
                "name": "harbor",
                "namespace": "security-stack",
                "revision": 1,
                "values": "{\"expose\":{\"tls\":{\"enabled\":true},\"type\":\"ingress\"},\"persistence\":{\"enabled\":true,\"size\":\"50Gi\"}}",
                "version": "1.12.0"
              }
            ],
            "name": "harbor",
            "namespace": "security-stack",
            "pass_credentials": false,
            "postrender": [],
            "recreate_pods": false,
            "render_subchart_notes": true,
            "replace": false,
            "repository": "https://helm.goharbor.io",
            "repository_ca_file": null,
            "repository_cert_file": null,
            "repository_key_file": null,
            "repository_password": null,
            "repository_username": null,
            "reset_values": false,
            "reuse_values": false,
            "set": [],
            "set_list": [],
            "set_sensitive": [],
            "skip_crds": false,
            "status": "deployed",
            "timeout": 900,
            "values": [
              "\"expose\":\n  \"tls\":\n    \"enabled\": true\n  \"type\": \"ingress\"\n\"persistence\":\n  \"enabled\": true\n  \"size\": \"50Gi\"\n"
            ],
            "verify": false,
            "version": "1.12.0",
            "wait": true,
            "wait_for_jobs": false
          },
          "sensitive_attributes": [],
          "private": "eyJzY2hlbWFfdmVyc2lvbiI6IjEifQ==",
          "dependencies": [
            "kubernetes_namespace.security_stack"
          ]
        },
        {
          "index_key": "kibana",
          "status": "tainted",
          "schema_version": 1,
          "attributes": {
            "atomic": false,
            "chart": "kibana",
            "cleanup_on_fail": false,
            "create_namespace": false,
            "dependency_update": false,
            "description": null,
            "devel": null,
            "disable_crd_hooks": false,
            "disable_openapi_validation": false,
            "disable_webhooks": false,
            "force_update": false,
            "id": "kibana",
            "keyring": null,
            "lint": false,
            "manifest": null,
            "max_history": 0,
            "metadata": [
              {
                "app_version": "8.5.1",
                "chart": "kibana",
                "name": "kibana",
                "namespace": "security-stack",
                "revision": 1,
                "values": "{}",
                "version": "8.5.1"
              }
            ],
            "name": "kibana",
            "namespace": "security-stack",
            "pass_credentials": false,
            "postrender": [],
            "recreate_pods": false,
            "render_subchart_notes": true,
            "replace": false,
            "repository": "https://helm.elastic.co",
            "repository_ca_file": null,
            "repository_cert_file": null,
            "repository_key_file": null,
            "repository_password": null,
            "repository_username": null,
            "reset_values": false,
            "reuse_values": false,
            "set": [],
            "set_list": [],
            "set_sensitive": [],
            "skip_crds": false,
            "status": "failed",
            "timeout": 900,
            "values": [
              ""
            ],
            "verify": false,
            "version": "8.5.1",
            "wait": true,
            "wait_for_jobs": false
          },
          "sensitive_attributes": [],
          "private": "eyJzY2hlbWFfdmVyc2lvbiI6IjEifQ==",
          "dependencies": [
            "kubernetes_namespace.security_stack"
          ]
        },
        {
          "index_key": "prometheus",
          "schema_version": 1,
          "attributes": {
            "atomic": false,
            "chart": "kube-prometheus-stack",
            "cleanup_on_fail": false,
            "create_namespace": false,
            "dependency_update": false,
            "description": null,
            "devel": null,
            "disable_crd_hooks": false,
            "disable_openapi_validation": false,
            "disable_webhooks": false,
            "force_update": false,
            "id": "prometheus",
            "keyring": null,
            "lint": false,
            "manifest": null,
            "max_history": 0,
            "metadata": [
              {
                "app_version": "v0.63.0",
                "chart": "kube-prometheus-stack",
                "name": "prometheus",
                "namespace": "security-stack",
                "revision": 1,
                "values": "{\"grafana\":{\"enabled\":true,\"persistence\":{\"enabled\":true,\"size\":\"10Gi\"}}}",
                "version": "45.0.0"
              }
            ],
            "name": "prometheus",
            "namespace": "security-stack",
            "pass_credentials": false,
            "postrender": [],
            "recreate_pods": false,
            "render_subchart_notes": true,
            "replace": false,
            "repository": "https://prometheus-community.github.io/helm-charts",
            "repository_ca_file": null,
            "repository_cert_file": null,
            "repository_key_file": null,
            "repository_password": null,
            "repository_username": null,
            "reset_values": false,
            "reuse_values": false,
            "set": [],
            "set_list": [],
            "set_sensitive": [],
            "skip_crds": false,
            "status": "deployed",
            "timeout": 900,
            "values": [
              "\"grafana\":\n  \"enabled\": true\n  \"persistence\":\n    \"enabled\": true\n    \"size\": \"10Gi\"\n"
            ],
            "verify": false,
            "version": "45.0.0",
            "wait": true,
            "wait_for_jobs": false
          },
          "sensitive_attributes": [],
          "private": "eyJzY2hlbWFfdmVyc2lvbiI6IjEifQ==",
          "dependencies": [
            "kubernetes_namespace.security_stack"
          ]
        },
        {
          "index_key": "trivy",
          "schema_version": 1,
          "attributes": {
            "atomic": false,
            "chart": "trivy",
            "cleanup_on_fail": false,
            "create_namespace": false,
            "dependency_update": false,
            "description": null,
            "devel": null,
            "disable_crd_hooks": false,
            "disable_openapi_validation": false,
            "disable_webhooks": false,
            "force_update": false,
            "id": "trivy",
            "keyring": null,
            "lint": false,
            "manifest": null,
            "max_history": 0,
            "metadata": [
              {
                "app_version": "0.36.1",
                "chart": "trivy",
                "name": "trivy",
                "namespace": "security-stack",
                "revision": 2,
                "values": "{\"resources\":{\"requests\":{\"cpu\":\"250m\",\"memory\":\"256Mi\"}}}",
                "version": "0.5.0"
              }
            ],
            "name": "trivy",
            "namespace": "security-stack",
            "pass_credentials": false,
            "postrender": [],
            "recreate_pods": false,
            "render_subchart_notes": true,
            "replace": false,
            "repository": "https://aquasecurity.github.io/helm-charts/",
            "repository_ca_file": null,
            "repository_cert_file": null,
            "repository_key_file": null,
            "repository_password": null,
            "repository_username": null,
            "reset_values": false,
            "reuse_values": false,
            "set": [],
            "set_list": [],
            "set_sensitive": [],
            "skip_crds": false,
            "status": "deployed",
            "timeout": 1800,
            "values": [
              "\"resources\":\n  \"requests\":\n    \"cpu\": \"250m\"\n    \"memory\": \"256Mi\"\n"
            ],
            "verify": false,
            "version": "0.5.0",
            "wait": true,
            "wait_for_jobs": false
          },
          "sensitive_attributes": [],
          "private": "eyJzY2hlbWFfdmVyc2lvbiI6IjEifQ==",
          "dependencies": [
            "kubernetes_namespace.security_stack"
          ]
        }
      ]
    },
    {
      "mode": "managed",
      "type": "kubernetes_namespace",
      "name": "security_stack",
      "provider": "provider[\"registry.terraform.io/hashicorp/kubernetes\"]",
      "instances": [
        {
          "schema_version": 0,
          "attributes": {
            "id": "security-stack",
            "metadata": [
              {
                "annotations": {},
                "generate_name": "",
                "generation": 0,
                "labels": {},
                "name": "security-stack",
                "resource_version": "33375",
                "uid": "b895a68c-5df0-4991-b629-5b4eac026390"
              }
            ],
            "timeouts": null,
            "wait_for_default_service_account": false
          },
          "sensitive_attributes": [],
          "private": "eyJlMmJmYjczMC1lY2FhLTExZTYtOGY4OC0zNDM2M2JjN2M0YzAiOnsiZGVsZXRlIjozMDAwMDAwMDAwMDB9fQ=="
        }
      ]
    }
  ],
  "check_results": null
}
